
Microsoft Visual Studio Solution File, Format Version 12.00
# Visual Studio 15
VisualStudioVersion = 15.0.27130.2024
MinimumVisualStudioVersion = 10.0.40219.1
Project("{FAE04EC0-301F-11D3-BF4B-00C04F79EFBC}") = "InteractionPlanApi", "InteractionPlanApi.csproj", "{4E44893E-1340-4F13-8D51-EB1D34EADADC}"
EndProject
Global
	GlobalSection(SolutionConfigurationPlatforms) = preSolution
		Debug|Any CPU = Debug|Any CPU
		Release|Any CPU = Release|Any CPU
	EndGlobalSection
	GlobalSection(ProjectConfigurationPlatforms) = postSolution
		{4E44893E-1340-4F13-8D51-EB1D34EADADC}.Debug|Any CPU.ActiveCfg = Debug|Any CPU
		{4E44893E-1340-4F13-8D51-EB1D34EADADC}.Debug|Any CPU.Build.0 = Debug|Any CPU
		{4E44893E-1340-4F13-8D51-EB1D34EADADC}.Release|Any CPU.ActiveCfg = Release|Any CPU
		{4E44893E-1340-4F13-8D51-EB1D34EADADC}.Release|Any CPU.Build.0 = Release|Any CPU
	EndGlobalSection
	GlobalSection(SolutionProperties) = preSolution
		HideSolutionNode = FALSE
	EndGlobalSection
	GlobalSection(ExtensibilityGlobals) = postSolution
		SolutionGuid = {ADA1A40B-7D4D-479C-9CD3-00028291EB7C}
	EndGlobalSection
EndGlobal
